{
  "name": "day4_files",
  "version": "1.0.0",
  "lockfileVersion": 3,
  "requires": true,
  "packages": {
    "": {
      "name": "day4_files",
      "version": "1.0.0",
      "license": "ISC",
      "dependencies": {
        "day4_files": "file:"
      }
    },
    "node_modules/day4_files": {
      "resolved": "",
      "link": true
    }
  }
}
